
Microsoft Visual Studio Solution File, Format Version 12.00
# Visual Studio Version 17
VisualStudioVersion = 17.13.35931.197 d17.13
MinimumVisualStudioVersion = 10.0.40219.1
Project("{FAE04EC0-301F-11D3-BF4B-00C04F79EFBC}") = "YardGreening", "YardGreening\YardGreening.csproj", "{D041598E-0379-4560-AF9F-675178B06057}"
EndProject
Global
	GlobalSection(SolutionConfigurationPlatforms) = preSolution
		Debug|Any CPU = Debug|Any CPU
		Release|Any CPU = Release|Any CPU
	EndGlobalSection
	GlobalSection(ProjectConfigurationPlatforms) = postSolution
		{D041598E-0379-4560-AF9F-675178B06057}.Debug|Any CPU.ActiveCfg = Debug|Any CPU
		{D041598E-0379-4560-AF9F-675178B06057}.Debug|Any CPU.Build.0 = Debug|Any CPU
		{D041598E-0379-4560-AF9F-675178B06057}.Release|Any CPU.ActiveCfg = Release|Any CPU
		{D041598E-0379-4560-AF9F-675178B06057}.Release|Any CPU.Build.0 = Release|Any CPU
	EndGlobalSection
	GlobalSection(SolutionProperties) = preSolution
		HideSolutionNode = FALSE
	EndGlobalSection
	GlobalSection(ExtensibilityGlobals) = postSolution
		SolutionGuid = {D6E14DEA-90CC-4619-99DA-40BB66C7B746}
	EndGlobalSection
EndGlobal
