
Microsoft Visual Studio Solution File, Format Version 12.00
# Visual Studio Version 17
VisualStudioVersion = 17.13.35931.197 d17.13
MinimumVisualStudioVersion = 10.0.40219.1
Project("{FAE04EC0-301F-11D3-BF4B-00C04F79EFBC}") = "Repainting", "Repainting\Repainting.csproj", "{24FECBBA-D18F-4C25-BBBB-57AAF1EAB1ED}"
EndProject
Global
	GlobalSection(SolutionConfigurationPlatforms) = preSolution
		Debug|Any CPU = Debug|Any CPU
		Release|Any CPU = Release|Any CPU
	EndGlobalSection
	GlobalSection(ProjectConfigurationPlatforms) = postSolution
		{24FECBBA-D18F-4C25-BBBB-57AAF1EAB1ED}.Debug|Any CPU.ActiveCfg = Debug|Any CPU
		{24FECBBA-D18F-4C25-BBBB-57AAF1EAB1ED}.Debug|Any CPU.Build.0 = Debug|Any CPU
		{24FECBBA-D18F-4C25-BBBB-57AAF1EAB1ED}.Release|Any CPU.ActiveCfg = Release|Any CPU
		{24FECBBA-D18F-4C25-BBBB-57AAF1EAB1ED}.Release|Any CPU.Build.0 = Release|Any CPU
	EndGlobalSection
	GlobalSection(SolutionProperties) = preSolution
		HideSolutionNode = FALSE
	EndGlobalSection
	GlobalSection(ExtensibilityGlobals) = postSolution
		SolutionGuid = {12D11ED2-A435-42E9-800B-AEE0C11BEECE}
	EndGlobalSection
EndGlobal
