
Microsoft Visual Studio Solution File, Format Version 12.00
# Visual Studio Version 17
VisualStudioVersion = 17.13.35931.197 d17.13
MinimumVisualStudioVersion = 10.0.40219.1
Project("{FAE04EC0-301F-11D3-BF4B-00C04F79EFBC}") = "Nums1to10", "Nums1to10\Nums1to10.csproj", "{6C3BA05C-EE30-4A88-99B3-E82F7F99CC5D}"
EndProject
Global
	GlobalSection(SolutionConfigurationPlatforms) = preSolution
		Debug|Any CPU = Debug|Any CPU
		Release|Any CPU = Release|Any CPU
	EndGlobalSection
	GlobalSection(ProjectConfigurationPlatforms) = postSolution
		{6C3BA05C-EE30-4A88-99B3-E82F7F99CC5D}.Debug|Any CPU.ActiveCfg = Debug|Any CPU
		{6C3BA05C-EE30-4A88-99B3-E82F7F99CC5D}.Debug|Any CPU.Build.0 = Debug|Any CPU
		{6C3BA05C-EE30-4A88-99B3-E82F7F99CC5D}.Release|Any CPU.ActiveCfg = Release|Any CPU
		{6C3BA05C-EE30-4A88-99B3-E82F7F99CC5D}.Release|Any CPU.Build.0 = Release|Any CPU
	EndGlobalSection
	GlobalSection(SolutionProperties) = preSolution
		HideSolutionNode = FALSE
	EndGlobalSection
	GlobalSection(ExtensibilityGlobals) = postSolution
		SolutionGuid = {42ADEC0A-8070-4B5C-94EA-FD9DD775CEAB}
	EndGlobalSection
EndGlobal
