
Microsoft Visual Studio Solution File, Format Version 12.00
# Visual Studio Version 17
VisualStudioVersion = 17.13.35931.197 d17.13
MinimumVisualStudioVersion = 10.0.40219.1
Project("{FAE04EC0-301F-11D3-BF4B-00C04F79EFBC}") = "Greeting by Name", "Greeting by Name\Greeting by Name.csproj", "{84EB1DE8-628F-4A21-8EB2-85AAA38D5ED2}"
EndProject
Global
	GlobalSection(SolutionConfigurationPlatforms) = preSolution
		Debug|Any CPU = Debug|Any CPU
		Release|Any CPU = Release|Any CPU
	EndGlobalSection
	GlobalSection(ProjectConfigurationPlatforms) = postSolution
		{84EB1DE8-628F-4A21-8EB2-85AAA38D5ED2}.Debug|Any CPU.ActiveCfg = Debug|Any CPU
		{84EB1DE8-628F-4A21-8EB2-85AAA38D5ED2}.Debug|Any CPU.Build.0 = Debug|Any CPU
		{84EB1DE8-628F-4A21-8EB2-85AAA38D5ED2}.Release|Any CPU.ActiveCfg = Release|Any CPU
		{84EB1DE8-628F-4A21-8EB2-85AAA38D5ED2}.Release|Any CPU.Build.0 = Release|Any CPU
	EndGlobalSection
	GlobalSection(SolutionProperties) = preSolution
		HideSolutionNode = FALSE
	EndGlobalSection
	GlobalSection(ExtensibilityGlobals) = postSolution
		SolutionGuid = {F97573A4-B564-4FB4-BD84-0DA763823EFA}
	EndGlobalSection
EndGlobal
