
Microsoft Visual Studio Solution File, Format Version 12.00
# Visual Studio Version 17
VisualStudioVersion = 17.13.35931.197 d17.13
MinimumVisualStudioVersion = 10.0.40219.1
Project("{FAE04EC0-301F-11D3-BF4B-00C04F79EFBC}") = "SuppliesForSchool", "SuppliesForSchool\SuppliesForSchool.csproj", "{4E66E9EE-5D76-4ADF-B226-6FD5D5A10FAE}"
EndProject
Global
	GlobalSection(SolutionConfigurationPlatforms) = preSolution
		Debug|Any CPU = Debug|Any CPU
		Release|Any CPU = Release|Any CPU
	EndGlobalSection
	GlobalSection(ProjectConfigurationPlatforms) = postSolution
		{4E66E9EE-5D76-4ADF-B226-6FD5D5A10FAE}.Debug|Any CPU.ActiveCfg = Debug|Any CPU
		{4E66E9EE-5D76-4ADF-B226-6FD5D5A10FAE}.Debug|Any CPU.Build.0 = Debug|Any CPU
		{4E66E9EE-5D76-4ADF-B226-6FD5D5A10FAE}.Release|Any CPU.ActiveCfg = Release|Any CPU
		{4E66E9EE-5D76-4ADF-B226-6FD5D5A10FAE}.Release|Any CPU.Build.0 = Release|Any CPU
	EndGlobalSection
	GlobalSection(SolutionProperties) = preSolution
		HideSolutionNode = FALSE
	EndGlobalSection
	GlobalSection(ExtensibilityGlobals) = postSolution
		SolutionGuid = {CD616DB3-C9ED-4B93-8723-BEE2416AF324}
	EndGlobalSection
EndGlobal
