
Microsoft Visual Studio Solution File, Format Version 12.00
# Visual Studio Version 17
VisualStudioVersion = 17.13.35931.197 d17.13
MinimumVisualStudioVersion = 10.0.40219.1
Project("{FAE04EC0-301F-11D3-BF4B-00C04F79EFBC}") = "BasketballEquipment", "BasketballEquipment\BasketballEquipment.csproj", "{00375E09-4E8B-47AB-879F-1BA71A87796A}"
EndProject
Global
	GlobalSection(SolutionConfigurationPlatforms) = preSolution
		Debug|Any CPU = Debug|Any CPU
		Release|Any CPU = Release|Any CPU
	EndGlobalSection
	GlobalSection(ProjectConfigurationPlatforms) = postSolution
		{00375E09-4E8B-47AB-879F-1BA71A87796A}.Debug|Any CPU.ActiveCfg = Debug|Any CPU
		{00375E09-4E8B-47AB-879F-1BA71A87796A}.Debug|Any CPU.Build.0 = Debug|Any CPU
		{00375E09-4E8B-47AB-879F-1BA71A87796A}.Release|Any CPU.ActiveCfg = Release|Any CPU
		{00375E09-4E8B-47AB-879F-1BA71A87796A}.Release|Any CPU.Build.0 = Release|Any CPU
	EndGlobalSection
	GlobalSection(SolutionProperties) = preSolution
		HideSolutionNode = FALSE
	EndGlobalSection
	GlobalSection(ExtensibilityGlobals) = postSolution
		SolutionGuid = {EEFC5361-E99D-44FE-BD05-F267AB9A315A}
	EndGlobalSection
EndGlobal
